// !$*UTF8*$!
{
	archiveVersion = 1;
	classes = {
	};
	objectVersion = 56;
	objects = {

/* Begin PBXBuildFile section */
		75382B282A160DC900DF5B7D /* CircleImage.swift in Sources */ = {isa = PBXBuildFile; fileRef = 75382B272A160DC900DF5B7D /* CircleImage.swift */; };
		75382B2A2A160FFA00DF5B7D /* MapView.swift in Sources */ = {isa = PBXBuildFile; fileRef = 75382B292A160FFA00DF5B7D /* MapView.swift */; };
		75382B2C2A161C2200DF5B7D /* landmarkData.json in Resources */ = {isa = PBXBuildFile; fileRef = 75382B2B2A161C2200DF5B7D /* landmarkData.json */; };
		75382B2E2A161C6700DF5B7D /* Landmark.swift in Sources */ = {isa = PBXBuildFile; fileRef = 75382B2D2A161C6700DF5B7D /* Landmark.swift */; };
		75382B302A161F5300DF5B7D /* ModelData.swift in Sources */ = {isa = PBXBuildFile; fileRef = 75382B2F2A161F5300DF5B7D /* ModelData.swift */; };
		75382B352A1627D400DF5B7D /* LandmarkRow.swift in Sources */ = {isa = PBXBuildFile; fileRef = 75382B342A1627D400DF5B7D /* LandmarkRow.swift */; };
		75382B372A162A4500DF5B7D /* LandmarkList.swift in Sources */ = {isa = PBXBuildFile; fileRef = 75382B362A162A4500DF5B7D /* LandmarkList.swift */; };
		75382B392A162C0E00DF5B7D /* LandmarkDetail.swift in Sources */ = {isa = PBXBuildFile; fileRef = 75382B382A162C0E00DF5B7D /* LandmarkDetail.swift */; };
		7597D0F22A1B4BD900CB93BC /* BadgeSymbol.swift in Sources */ = {isa = PBXBuildFile; fileRef = 7597D0F12A1B4BD900CB93BC /* BadgeSymbol.swift */; };
		7597D0F42A1B4D8C00CB93BC /* RotatedBadgeSymbol.swift in Sources */ = {isa = PBXBuildFile; fileRef = 7597D0F32A1B4D8C00CB93BC /* RotatedBadgeSymbol.swift */; };
		7597D0F62A1B4E5D00CB93BC /* Badge.swift in Sources */ = {isa = PBXBuildFile; fileRef = 7597D0F52A1B4E5D00CB93BC /* Badge.swift */; };
		759D5DFD2A1B2A3000CF71D4 /* HexagonParameters.swift in Sources */ = {isa = PBXBuildFile; fileRef = 759D5DFC2A1B2A3000CF71D4 /* HexagonParameters.swift */; };
		759D5DFF2A1B2C4900CF71D4 /* BadgeBackground.swift in Sources */ = {isa = PBXBuildFile; fileRef = 759D5DFE2A1B2C4900CF71D4 /* BadgeBackground.swift */; };
		75B1B7872A17623C003C6887 /* FavoriteButton.swift in Sources */ = {isa = PBXBuildFile; fileRef = 75B1B7862A17623C003C6887 /* FavoriteButton.swift */; };
		75E4D9A62A16070B00AF4E71 /* LandmarksApp.swift in Sources */ = {isa = PBXBuildFile; fileRef = 75E4D9A52A16070B00AF4E71 /* LandmarksApp.swift */; };
		75E4D9A82A16070B00AF4E71 /* ContentView.swift in Sources */ = {isa = PBXBuildFile; fileRef = 75E4D9A72A16070B00AF4E71 /* ContentView.swift */; };
		75E4D9AA2A16070B00AF4E71 /* Assets.xcassets in Resources */ = {isa = PBXBuildFile; fileRef = 75E4D9A92A16070B00AF4E71 /* Assets.xcassets */; };
		75E4D9AD2A16070B00AF4E71 /* Preview Assets.xcassets in Resources */ = {isa = PBXBuildFile; fileRef = 75E4D9AC2A16070B00AF4E71 /* Preview Assets.xcassets */; };
/* End PBXBuildFile section */

/* Begin PBXFileReference section */
		75382B272A160DC900DF5B7D /* CircleImage.swift */ = {isa = PBXFileReference; lastKnownFileType = sourcecode.swift; path = CircleImage.swift; sourceTree = "<group>"; };
		75382B292A160FFA00DF5B7D /* MapView.swift */ = {isa = PBXFileReference; lastKnownFileType = sourcecode.swift; path = MapView.swift; sourceTree = "<group>"; };
		75382B2B2A161C2200DF5B7D /* landmarkData.json */ = {isa = PBXFileReference; fileEncoding = 4; lastKnownFileType = text.json; path = landmarkData.json; sourceTree = "<group>"; };
		75382B2D2A161C6700DF5B7D /* Landmark.swift */ = {isa = PBXFileReference; lastKnownFileType = sourcecode.swift; path = Landmark.swift; sourceTree = "<group>"; };
		75382B2F2A161F5300DF5B7D /* ModelData.swift */ = {isa = PBXFileReference; lastKnownFileType = sourcecode.swift; path = ModelData.swift; sourceTree = "<group>"; };
		75382B342A1627D400DF5B7D /* LandmarkRow.swift */ = {isa = PBXFileReference; lastKnownFileType = sourcecode.swift; path = LandmarkRow.swift; sourceTree = "<group>"; };
		75382B362A162A4500DF5B7D /* LandmarkList.swift */ = {isa = PBXFileReference; lastKnownFileType = sourcecode.swift; path = LandmarkList.swift; sourceTree = "<group>"; };
		75382B382A162C0E00DF5B7D /* LandmarkDetail.swift */ = {isa = PBXFileReference; lastKnownFileType = sourcecode.swift; path = LandmarkDetail.swift; sourceTree = "<group>"; };
		7597D0F12A1B4BD900CB93BC /* BadgeSymbol.swift */ = {isa = PBXFileReference; lastKnownFileType = sourcecode.swift; path = BadgeSymbol.swift; sourceTree = "<group>"; };
		7597D0F32A1B4D8C00CB93BC /* RotatedBadgeSymbol.swift */ = {isa = PBXFileReference; lastKnownFileType = sourcecode.swift; path = RotatedBadgeSymbol.swift; sourceTree = "<group>"; };
		7597D0F52A1B4E5D00CB93BC /* Badge.swift */ = {isa = PBXFileReference; lastKnownFileType = sourcecode.swift; path = Badge.swift; sourceTree = "<group>"; };
		759D5DFC2A1B2A3000CF71D4 /* HexagonParameters.swift */ = {isa = PBXFileReference; lastKnownFileType = sourcecode.swift; path = HexagonParameters.swift; sourceTree = "<group>"; };
		759D5DFE2A1B2C4900CF71D4 /* BadgeBackground.swift */ = {isa = PBXFileReference; lastKnownFileType = sourcecode.swift; path = BadgeBackground.swift; sourceTree = "<group>"; };
		75B1B7862A17623C003C6887 /* FavoriteButton.swift */ = {isa = PBXFileReference; lastKnownFileType = sourcecode.swift; path = FavoriteButton.swift; sourceTree = "<group>"; };
		75E4D9A22A16070B00AF4E71 /* Landmarks.app */ = {isa = PBXFileReference; explicitFileType = wrapper.application; includeInIndex = 0; path = Landmarks.app; sourceTree = BUILT_PRODUCTS_DIR; };
		75E4D9A52A16070B00AF4E71 /* LandmarksApp.swift */ = {isa = PBXFileReference; lastKnownFileType = sourcecode.swift; path = LandmarksApp.swift; sourceTree = "<group>"; };
		75E4D9A72A16070B00AF4E71 /* ContentView.swift */ = {isa = PBXFileReference; lastKnownFileType = sourcecode.swift; path = ContentView.swift; sourceTree = "<group>"; };
		75E4D9A92A16070B00AF4E71 /* Assets.xcassets */ = {isa = PBXFileReference; lastKnownFileType = folder.assetcatalog; path = Assets.xcassets; sourceTree = "<group>"; };
		75E4D9AC2A16070B00AF4E71 /* Preview Assets.xcassets */ = {isa = PBXFileReference; lastKnownFileType = folder.assetcatalog; path = "Preview Assets.xcassets"; sourceTree = "<group>"; };
/* End PBXFileReference section */

/* Begin PBXFrameworksBuildPhase section */
		75E4D99F2A16070B00AF4E71 /* Frameworks */ = {
			isa = PBXFrameworksBuildPhase;
			buildActionMask = 2147483647;
			files = (
			);
			runOnlyForDeploymentPostprocessing = 0;
		};
/* End PBXFrameworksBuildPhase section */

/* Begin PBXGroup section */
		75382B312A1621B900DF5B7D /* Views */ = {
			isa = PBXGroup;
			children = (
				75E4D9A72A16070B00AF4E71 /* ContentView.swift */,
				75B1B7892A176349003C6887 /* Landmarks */,
				75B1B7882A176327003C6887 /* Helpers */,
				7597D0F72A1B507700CB93BC /* Badges */,
			);
			path = Views;
			sourceTree = "<group>";
		};
		75382B322A1621E500DF5B7D /* Model */ = {
			isa = PBXGroup;
			children = (
				75382B2D2A161C6700DF5B7D /* Landmark.swift */,
				75382B2F2A161F5300DF5B7D /* ModelData.swift */,
			);
			path = Model;
			sourceTree = "<group>";
		};
		75382B332A16223400DF5B7D /* Resources */ = {
			isa = PBXGroup;
			children = (
				75382B2B2A161C2200DF5B7D /* landmarkData.json */,
			);
			path = Resources;
			sourceTree = "<group>";
		};
		7597D0F72A1B507700CB93BC /* Badges */ = {
			isa = PBXGroup;
			children = (
				759D5DFC2A1B2A3000CF71D4 /* HexagonParameters.swift */,
				759D5DFE2A1B2C4900CF71D4 /* BadgeBackground.swift */,
				7597D0F12A1B4BD900CB93BC /* BadgeSymbol.swift */,
				7597D0F32A1B4D8C00CB93BC /* RotatedBadgeSymbol.swift */,
				7597D0F52A1B4E5D00CB93BC /* Badge.swift */,
			);
			path = Badges;
			sourceTree = "<group>";
		};
		75B1B7882A176327003C6887 /* Helpers */ = {
			isa = PBXGroup;
			children = (
				75382B292A160FFA00DF5B7D /* MapView.swift */,
				75382B272A160DC900DF5B7D /* CircleImage.swift */,
				75B1B7862A17623C003C6887 /* FavoriteButton.swift */,
			);
			path = Helpers;
			sourceTree = "<group>";
		};
		75B1B7892A176349003C6887 /* Landmarks */ = {
			isa = PBXGroup;
			children = (
				75382B342A1627D400DF5B7D /* LandmarkRow.swift */,
				75382B362A162A4500DF5B7D /* LandmarkList.swift */,
				75382B382A162C0E00DF5B7D /* LandmarkDetail.swift */,
			);
			path = Landmarks;
			sourceTree = "<group>";
		};
		75E4D9992A16070B00AF4E71 = {
			isa = PBXGroup;
			children = (
				75E4D9A42A16070B00AF4E71 /* Landmarks */,
				75E4D9A32A16070B00AF4E71 /* Products */,
			);
			sourceTree = "<group>";
		};
		75E4D9A32A16070B00AF4E71 /* Products */ = {
			isa = PBXGroup;
			children = (
				75E4D9A22A16070B00AF4E71 /* Landmarks.app */,
			);
			name = Products;
			sourceTree = "<group>";
		};
		75E4D9A42A16070B00AF4E71 /* Landmarks */ = {
			isa = PBXGroup;
			children = (
				75382B332A16223400DF5B7D /* Resources */,
				75382B322A1621E500DF5B7D /* Model */,
				75382B312A1621B900DF5B7D /* Views */,
				75E4D9A52A16070B00AF4E71 /* LandmarksApp.swift */,
				75E4D9A92A16070B00AF4E71 /* Assets.xcassets */,
				75E4D9AB2A16070B00AF4E71 /* Preview Content */,
			);
			path = Landmarks;
			sourceTree = "<group>";
		};
		75E4D9AB2A16070B00AF4E71 /* Preview Content */ = {
			isa = PBXGroup;
			children = (
				75E4D9AC2A16070B00AF4E71 /* Preview Assets.xcassets */,
			);
			path = "Preview Content";
			sourceTree = "<group>";
		};
/* End PBXGroup section */

/* Begin PBXNativeTarget section */
		75E4D9A12A16070B00AF4E71 /* Landmarks */ = {
			isa = PBXNativeTarget;
			buildConfigurationList = 75E4D9B02A16070B00AF4E71 /* Build configuration list for PBXNativeTarget "Landmarks" */;
			buildPhases = (
				75E4D99E2A16070B00AF4E71 /* Sources */,
				75E4D99F2A16070B00AF4E71 /* Frameworks */,
				75E4D9A02A16070B00AF4E71 /* Resources */,
			);
			buildRules = (
			);
			dependencies = (
			);
			name = Landmarks;
			productName = Landmarks;
			productReference = 75E4D9A22A16070B00AF4E71 /* Landmarks.app */;
			productType = "com.apple.product-type.application";
		};
/* End PBXNativeTarget section */

/* Begin PBXProject section */
		75E4D99A2A16070B00AF4E71 /* Project object */ = {
			isa = PBXProject;
			attributes = {
				BuildIndependentTargetsInParallel = 1;
				LastSwiftUpdateCheck = 1430;
				LastUpgradeCheck = 1430;
				TargetAttributes = {
					75E4D9A12A16070B00AF4E71 = {
						CreatedOnToolsVersion = 14.3;
					};
				};
			};
			buildConfigurationList = 75E4D99D2A16070B00AF4E71 /* Build configuration list for PBXProject "Landmarks" */;
			compatibilityVersion = "Xcode 14.0";
			developmentRegion = en;
			hasScannedForEncodings = 0;
			knownRegions = (
				en,
				Base,
			);
			mainGroup = 75E4D9992A16070B00AF4E71;
			productRefGroup = 75E4D9A32A16070B00AF4E71 /* Products */;
			projectDirPath = "";
			projectRoot = "";
			targets = (
				75E4D9A12A16070B00AF4E71 /* Landmarks */,
			);
		};
/* End PBXProject section */

/* Begin PBXResourcesBuildPhase section */
		75E4D9A02A16070B00AF4E71 /* Resources */ = {
			isa = PBXResourcesBuildPhase;
			buildActionMask = 2147483647;
			files = (
				75E4D9AD2A16070B00AF4E71 /* Preview Assets.xcassets in Resources */,
				75E4D9AA2A16070B00AF4E71 /* Assets.xcassets in Resources */,
				75382B2C2A161C2200DF5B7D /* landmarkData.json in Resources */,
			);
			runOnlyForDeploymentPostprocessing = 0;
		};
/* End PBXResourcesBuildPhase section */

/* Begin PBXSourcesBuildPhase section */
		75E4D99E2A16070B00AF4E71 /* Sources */ = {
			isa = PBXSourcesBuildPhase;
			buildActionMask = 2147483647;
			files = (
				75E4D9A82A16070B00AF4E71 /* ContentView.swift in Sources */,
				7597D0F62A1B4E5D00CB93BC /* Badge.swift in Sources */,
				75382B2A2A160FFA00DF5B7D /* MapView.swift in Sources */,
				75E4D9A62A16070B00AF4E71 /* LandmarksApp.swift in Sources */,
				75B1B7872A17623C003C6887 /* FavoriteButton.swift in Sources */,
				759D5DFD2A1B2A3000CF71D4 /* HexagonParameters.swift in Sources */,
				7597D0F42A1B4D8C00CB93BC /* RotatedBadgeSymbol.swift in Sources */,
				7597D0F22A1B4BD900CB93BC /* BadgeSymbol.swift in Sources */,
				75382B372A162A4500DF5B7D /* LandmarkList.swift in Sources */,
				75382B392A162C0E00DF5B7D /* LandmarkDetail.swift in Sources */,
				759D5DFF2A1B2C4900CF71D4 /* BadgeBackground.swift in Sources */,
				75382B282A160DC900DF5B7D /* CircleImage.swift in Sources */,
				75382B2E2A161C6700DF5B7D /* Landmark.swift in Sources */,
				75382B352A1627D400DF5B7D /* LandmarkRow.swift in Sources */,
				75382B302A161F5300DF5B7D /* ModelData.swift in Sources */,
			);
			runOnlyForDeploymentPostprocessing = 0;
		};
/* End PBXSourcesBuildPhase section */

/* Begin XCBuildConfiguration section */
		75E4D9AE2A16070B00AF4E71 /* Debug */ = {
			isa = XCBuildConfiguration;
			buildSettings = {
				ALWAYS_SEARCH_USER_PATHS = NO;
				CLANG_ANALYZER_NONNULL = YES;
				CLANG_ANALYZER_NUMBER_OBJECT_CONVERSION = YES_AGGRESSIVE;
				CLANG_CXX_LANGUAGE_STANDARD = "gnu++20";
				CLANG_ENABLE_MODULES = YES;
				CLANG_ENABLE_OBJC_ARC = YES;
				CLANG_ENABLE_OBJC_WEAK = YES;
				CLANG_WARN_BLOCK_CAPTURE_AUTORELEASING = YES;
				CLANG_WARN_BOOL_CONVERSION = YES;
				CLANG_WARN_COMMA = YES;
				CLANG_WARN_CONSTANT_CONVERSION = YES;
				CLANG_WARN_DEPRECATED_OBJC_IMPLEMENTATIONS = YES;
				CLANG_WARN_DIRECT_OBJC_ISA_USAGE = YES_ERROR;
				CLANG_WARN_DOCUMENTATION_COMMENTS = YES;
				CLANG_WARN_EMPTY_BODY = YES;
				CLANG_WARN_ENUM_CONVERSION = YES;
				CLANG_WARN_INFINITE_RECURSION = YES;
				CLANG_WARN_INT_CONVERSION = YES;
				CLANG_WARN_NON_LITERAL_NULL_CONVERSION = YES;
				CLANG_WARN_OBJC_IMPLICIT_RETAIN_SELF = YES;
				CLANG_WARN_OBJC_LITERAL_CONVERSION = YES;
				CLANG_WARN_OBJC_ROOT_CLASS = YES_ERROR;
				CLANG_WARN_QUOTED_INCLUDE_IN_FRAMEWORK_HEADER = YES;
				CLANG_WARN_RANGE_LOOP_ANALYSIS = YES;
				CLANG_WARN_STRICT_PROTOTYPES = YES;
				CLANG_WARN_SUSPICIOUS_MOVE = YES;
				CLANG_WARN_UNGUARDED_AVAILABILITY = YES_AGGRESSIVE;
				CLANG_WARN_UNREACHABLE_CODE = YES;
				CLANG_WARN__DUPLICATE_METHOD_MATCH = YES;
				COPY_PHASE_STRIP = NO;
				DEBUG_INFORMATION_FORMAT = dwarf;
				ENABLE_STRICT_OBJC_MSGSEND = YES;
				ENABLE_TESTABILITY = YES;
				GCC_C_LANGUAGE_STANDARD = gnu11;
				GCC_DYNAMIC_NO_PIC = NO;
				GCC_NO_COMMON_BLOCKS = YES;
				GCC_OPTIMIZATION_LEVEL = 0;
				GCC_PREPROCESSOR_DEFINITIONS = (
					"DEBUG=1",
					"$(inherited)",
				);
				GCC_WARN_64_TO_32_BIT_CONVERSION = YES;
				GCC_WARN_ABOUT_RETURN_TYPE = YES_ERROR;
				GCC_WARN_UNDECLARED_SELECTOR = YES;
				GCC_WARN_UNINITIALIZED_AUTOS = YES_AGGRESSIVE;
				GCC_WARN_UNUSED_FUNCTION = YES;
				GCC_WARN_UNUSED_VARIABLE = YES;
				IPHONEOS_DEPLOYMENT_TARGET = 16.4;
				MTL_ENABLE_DEBUG_INFO = INCLUDE_SOURCE;
				MTL_FAST_MATH = YES;
				ONLY_ACTIVE_ARCH = YES;
				SDKROOT = iphoneos;
				SWIFT_ACTIVE_COMPILATION_CONDITIONS = DEBUG;
				SWIFT_OPTIMIZATION_LEVEL = "-Onone";
			};
			name = Debug;
		};
		75E4D9AF2A16070B00AF4E71 /* Release */ = {
			isa = XCBuildConfiguration;
			buildSettings = {
				ALWAYS_SEARCH_USER_PATHS = NO;
				CLANG_ANALYZER_NONNULL = YES;
				CLANG_ANALYZER_NUMBER_OBJECT_CONVERSION = YES_AGGRESSIVE;
				CLANG_CXX_LANGUAGE_STANDARD = "gnu++20";
				CLANG_ENABLE_MODULES = YES;
				CLANG_ENABLE_OBJC_ARC = YES;
				CLANG_ENABLE_OBJC_WEAK = YES;
				CLANG_WARN_BLOCK_CAPTURE_AUTORELEASING = YES;
				CLANG_WARN_BOOL_CONVERSION = YES;
				CLANG_WARN_COMMA = YES;
				CLANG_WARN_CONSTANT_CONVERSION = YES;
				CLANG_WARN_DEPRECATED_OBJC_IMPLEMENTATIONS = YES;
				CLANG_WARN_DIRECT_OBJC_ISA_USAGE = YES_ERROR;
				CLANG_WARN_DOCUMENTATION_COMMENTS = YES;
				CLANG_WARN_EMPTY_BODY = YES;
				CLANG_WARN_ENUM_CONVERSION = YES;
				CLANG_WARN_INFINITE_RECURSION = YES;
				CLANG_WARN_INT_CONVERSION = YES;
				CLANG_WARN_NON_LITERAL_NULL_CONVERSION = YES;
				CLANG_WARN_OBJC_IMPLICIT_RETAIN_SELF = YES;
				CLANG_WARN_OBJC_LITERAL_CONVERSION = YES;
				CLANG_WARN_OBJC_ROOT_CLASS = YES_ERROR;
				CLANG_WARN_QUOTED_INCLUDE_IN_FRAMEWORK_HEADER = YES;
				CLANG_WARN_RANGE_LOOP_ANALYSIS = YES;
				CLANG_WARN_STRICT_PROTOTYPES = YES;
				CLANG_WARN_SUSPICIOUS_MOVE = YES;
				CLANG_WARN_UNGUARDED_AVAILABILITY = YES_AGGRESSIVE;
				CLANG_WARN_UNREACHABLE_CODE = YES;
				CLANG_WARN__DUPLICATE_METHOD_MATCH = YES;
				COPY_PHASE_STRIP = NO;
				DEBUG_INFORMATION_FORMAT = "dwarf-with-dsym";
				ENABLE_NS_ASSERTIONS = NO;
				ENABLE_STRICT_OBJC_MSGSEND = YES;
				GCC_C_LANGUAGE_STANDARD = gnu11;
				GCC_NO_COMMON_BLOCKS = YES;
				GCC_WARN_64_TO_32_BIT_CONVERSION = YES;
				GCC_WARN_ABOUT_RETURN_TYPE = YES_ERROR;
				GCC_WARN_UNDECLARED_SELECTOR = YES;
				GCC_WARN_UNINITIALIZED_AUTOS = YES_AGGRESSIVE;
				GCC_WARN_UNUSED_FUNCTION = YES;
				GCC_WARN_UNUSED_VARIABLE = YES;
				IPHONEOS_DEPLOYMENT_TARGET = 16.4;
				MTL_ENABLE_DEBUG_INFO = NO;
				MTL_FAST_MATH = YES;
				SDKROOT = iphoneos;
				SWIFT_COMPILATION_MODE = wholemodule;
				SWIFT_OPTIMIZATION_LEVEL = "-O";
				VALIDATE_PRODUCT = YES;
			};
			name = Release;
		};
		75E4D9B12A16070B00AF4E71 /* Debug */ = {
			isa = XCBuildConfiguration;
			buildSettings = {
				ASSETCATALOG_COMPILER_APPICON_NAME = AppIcon;
				ASSETCATALOG_COMPILER_GLOBAL_ACCENT_COLOR_NAME = AccentColor;
				CODE_SIGN_STYLE = Automatic;
				CURRENT_PROJECT_VERSION = 1;
				DEVELOPMENT_ASSET_PATHS = "\"Landmarks/Preview Content\"";
				DEVELOPMENT_TEAM = 4V8RH85RKC;
				ENABLE_PREVIEWS = YES;
				GENERATE_INFOPLIST_FILE = YES;
				INFOPLIST_KEY_UIApplicationSceneManifest_Generation = YES;
				INFOPLIST_KEY_UIApplicationSupportsIndirectInputEvents = YES;
				INFOPLIST_KEY_UILaunchScreen_Generation = YES;
				INFOPLIST_KEY_UISupportedInterfaceOrientations_iPad = "UIInterfaceOrientationPortrait UIInterfaceOrientationPortraitUpsideDown UIInterfaceOrientationLandscapeLeft UIInterfaceOrientationLandscapeRight";
				INFOPLIST_KEY_UISupportedInterfaceOrientations_iPhone = "UIInterfaceOrientationPortrait UIInterfaceOrientationLandscapeLeft UIInterfaceOrientationLandscapeRight";
				LD_RUNPATH_SEARCH_PATHS = (
					"$(inherited)",
					"@executable_path/Frameworks",
				);
				MARKETING_VERSION = 1.0;
				PRODUCT_BUNDLE_IDENTIFIER = com.micah.njeru.Landmarks;
				PRODUCT_NAME = "$(TARGET_NAME)";
				SWIFT_EMIT_LOC_STRINGS = YES;
				SWIFT_VERSION = 5.0;
				TARGETED_DEVICE_FAMILY = "1,2";
			};
			name = Debug;
		};
		75E4D9B22A16070B00AF4E71 /* Release */ = {
			isa = XCBuildConfiguration;
			buildSettings = {
				ASSETCATALOG_COMPILER_APPICON_NAME = AppIcon;
				ASSETCATALOG_COMPILER_GLOBAL_ACCENT_COLOR_NAME = AccentColor;
				CODE_SIGN_STYLE = Automatic;
				CURRENT_PROJECT_VERSION = 1;
				DEVELOPMENT_ASSET_PATHS = "\"Landmarks/Preview Content\"";
				DEVELOPMENT_TEAM = 4V8RH85RKC;
				ENABLE_PREVIEWS = YES;
				GENERATE_INFOPLIST_FILE = YES;
				INFOPLIST_KEY_UIApplicationSceneManifest_Generation = YES;
				INFOPLIST_KEY_UIApplicationSupportsIndirectInputEvents = YES;
				INFOPLIST_KEY_UILaunchScreen_Generation = YES;
				INFOPLIST_KEY_UISupportedInterfaceOrientations_iPad = "UIInterfaceOrientationPortrait UIInterfaceOrientationPortraitUpsideDown UIInterfaceOrientationLandscapeLeft UIInterfaceOrientationLandscapeRight";
				INFOPLIST_KEY_UISupportedInterfaceOrientations_iPhone = "UIInterfaceOrientationPortrait UIInterfaceOrientationLandscapeLeft UIInterfaceOrientationLandscapeRight";
				LD_RUNPATH_SEARCH_PATHS = (
					"$(inherited)",
					"@executable_path/Frameworks",
				);
				MARKETING_VERSION = 1.0;
				PRODUCT_BUNDLE_IDENTIFIER = com.micah.njeru.Landmarks;
				PRODUCT_NAME = "$(TARGET_NAME)";
				SWIFT_EMIT_LOC_STRINGS = YES;
				SWIFT_VERSION = 5.0;
				TARGETED_DEVICE_FAMILY = "1,2";
			};
			name = Release;
		};
/* End XCBuildConfiguration section */

/* Begin XCConfigurationList section */
		75E4D99D2A16070B00AF4E71 /* Build configuration list for PBXProject "Landmarks" */ = {
			isa = XCConfigurationList;
			buildConfigurations = (
				75E4D9AE2A16070B00AF4E71 /* Debug */,
				75E4D9AF2A16070B00AF4E71 /* Release */,
			);
			defaultConfigurationIsVisible = 0;
			defaultConfigurationName = Release;
		};
		75E4D9B02A16070B00AF4E71 /* Build configuration list for PBXNativeTarget "Landmarks" */ = {
			isa = XCConfigurationList;
			buildConfigurations = (
				75E4D9B12A16070B00AF4E71 /* Debug */,
				75E4D9B22A16070B00AF4E71 /* Release */,
			);
			defaultConfigurationIsVisible = 0;
			defaultConfigurationName = Release;
		};
/* End XCConfigurationList section */
	};
	rootObject = 75E4D99A2A16070B00AF4E71 /* Project object */;
}
